
Microsoft Visual Studio Solution File, Format Version 12.00
# Visual Studio Version 17
VisualStudioVersion = 17.13.35825.156 d17.13
MinimumVisualStudioVersion = 10.0.40219.1
Project("{FAE04EC0-301F-11D3-BF4B-00C04F79EFBC}") = "BankSystem-Quiz", "BankSystem-Quiz\BankSystem-Quiz.csproj", "{3BDA9CC8-9F62-43E5-8260-D9000E9C2705}"
EndProject
Global
	GlobalSection(SolutionConfigurationPlatforms) = preSolution
		Debug|Any CPU = Debug|Any CPU
		Release|Any CPU = Release|Any CPU
	EndGlobalSection
	GlobalSection(ProjectConfigurationPlatforms) = postSolution
		{3BDA9CC8-9F62-43E5-8260-D9000E9C2705}.Debug|Any CPU.ActiveCfg = Debug|Any CPU
		{3BDA9CC8-9F62-43E5-8260-D9000E9C2705}.Debug|Any CPU.Build.0 = Debug|Any CPU
		{3BDA9CC8-9F62-43E5-8260-D9000E9C2705}.Release|Any CPU.ActiveCfg = Release|Any CPU
		{3BDA9CC8-9F62-43E5-8260-D9000E9C2705}.Release|Any CPU.Build.0 = Release|Any CPU
	EndGlobalSection
	GlobalSection(SolutionProperties) = preSolution
		HideSolutionNode = FALSE
	EndGlobalSection
	GlobalSection(ExtensibilityGlobals) = postSolution
		SolutionGuid = {35BB9872-8478-40AF-A961-80B9B4615204}
	EndGlobalSection
EndGlobal
